
Microsoft Visual Studio Solution File, Format Version 12.00
# Visual Studio Version 16
VisualStudioVersion = 16.0.31402.337
MinimumVisualStudioVersion = 10.0.40219.1
Project("{FAE04EC0-301F-11D3-BF4B-00C04F79EFBC}") = "Array", "Array.csproj", "{2789BB3E-6A58-4E38-8280-8C6B21963933}"
EndProject
Global
	GlobalSection(SolutionConfigurationPlatforms) = preSolution
		Debug|Any CPU = Debug|Any CPU
		Release|Any CPU = Release|Any CPU
	EndGlobalSection
	GlobalSection(ProjectConfigurationPlatforms) = postSolution
		{2789BB3E-6A58-4E38-8280-8C6B21963933}.Debug|Any CPU.ActiveCfg = Debug|Any CPU
		{2789BB3E-6A58-4E38-8280-8C6B21963933}.Debug|Any CPU.Build.0 = Debug|Any CPU
		{2789BB3E-6A58-4E38-8280-8C6B21963933}.Release|Any CPU.ActiveCfg = Release|Any CPU
		{2789BB3E-6A58-4E38-8280-8C6B21963933}.Release|Any CPU.Build.0 = Release|Any CPU
	EndGlobalSection
	GlobalSection(SolutionProperties) = preSolution
		HideSolutionNode = FALSE
	EndGlobalSection
	GlobalSection(ExtensibilityGlobals) = postSolution
		SolutionGuid = {508C49A5-54E8-47C0-8DFF-24A80BCA774D}
	EndGlobalSection
EndGlobal
